<?xml version="1.0" encoding="utf-8"?>
<Project ToolsVersion="4.0" xmlns="http://schemas.microsoft.com/developer/msbuild/2003">
  <ItemGroup>
    <Filter Include="Source Files">
      <UniqueIdentifier>{4FC737F1-C7A5-4376-A066-2A32D752A2FF}</UniqueIdentifier>
      <Extensions>cpp;c;cc;cxx;def;odl;idl;hpj;bat;asm;asmx</Extensions>
    </Filter>
    <Filter Include="Header Files">
      <UniqueIdentifier>{93995380-89BD-4b04-88EB-625FBE52EBFB}</UniqueIdentifier>
      <Extensions>h;hh;hpp;hxx;hm;inl;inc;xsd</Extensions>
    </Filter>
    <Filter Include="Resource Files">
      <UniqueIdentifier>{67DA6AB6-F800-4c08-8B7A-83BB121AAD01}</UniqueIdentifier>
      <Extensions>rc;ico;cur;bmp;dlg;rc2;rct;bin;rgs;gif;jpg;jpeg;jpe;resx;tiff;tif;png;wav;mfcribbon-ms</Extensions>
    </Filter>
    <Filter Include="Source Files\Ch3">
      <UniqueIdentifier>{431b295c-4965-4df3-b58d-cd8489d94c15}</UniqueIdentifier>
    </Filter>
    <Filter Include="Source Files\Ch4">
      <UniqueIdentifier>{738eb8d9-49b5-4b47-84a1-59556943b07f}</UniqueIdentifier>
    </Filter>
    <Filter Include="Source Files\Ch5">
      <UniqueIdentifier>{1a8f66f3-a4e2-4350-95dd-8e133bb45cc8}</UniqueIdentifier>
    </Filter>
    <Filter Include="Source Files\Ch6">
      <UniqueIdentifier>{cc7a49f5-83a2-47e5-8981-4028d6e9edca}</UniqueIdentifier>
    </Filter>
    <Filter Include="Source Files\Ch7">
      <UniqueIdentifier>{379eed83-7323-4682-868d-755fd710ab08}</UniqueIdentifier>
    </Filter>
    <Filter Include="Source Files\Ch8">
      <UniqueIdentifier>{e442f1bb-780d-4641-b649-573331b9886d}</UniqueIdentifier>
    </Filter>
    <Filter Include="Source Files\Ch9">
      <UniqueIdentifier>{17cb862f-f97a-482e-8ff3-0e6a51548cc3}</UniqueIdentifier>
    </Filter>
  </ItemGroup>
  <ItemGroup>
    <ClCompile Include="ch3_7.c">
      <Filter>Source Files\Ch3</Filter>
    </ClCompile>
    <ClCompile Include="ch3_8.c">
      <Filter>Source Files\Ch3</Filter>
    </ClCompile>
    <ClCompile Include="ch3_9.c">
      <Filter>Source Files\Ch3</Filter>
    </ClCompile>
    <ClCompile Include="ch5_5.c">
      <Filter>Source Files\Ch5</Filter>
    </ClCompile>
    <ClCompile Include="ch3_10.c">
      <Filter>Source Files\Ch3</Filter>
    </ClCompile>
    <ClCompile Include="ch3.c">
      <Filter>Source Files\Ch3</Filter>
    </ClCompile>
    <ClCompile Include="ch4.c">
      <Filter>Source Files\Ch4</Filter>
    </ClCompile>
    <ClCompile Include="ch5.c">
      <Filter>Source Files\Ch5</Filter>
    </ClCompile>
    <ClCompile Include="ch5_6.c">
      <Filter>Source Files\Ch5</Filter>
    </ClCompile>
    <ClCompile Include="ch6.c">
      <Filter>Source Files\Ch6</Filter>
    </ClCompile>
    <ClCompile Include="ch7.c">
      <Filter>Source Files\Ch7</Filter>
    </ClCompile>
    <ClCompile Include="integer_max_overflow.c">
      <Filter>Source Files\Ch7</Filter>
    </ClCompile>
    <ClCompile Include="integer_min_underflow.c">
      <Filter>Source Files\Ch7</Filter>
    </ClCompile>
    <ClCompile Include="integer_stdint.c">
      <Filter>Source Files\Ch7</Filter>
    </ClCompile>
    <ClCompile Include="ch7_7.c">
      <Filter>Source Files\Ch7</Filter>
    </ClCompile>
    <ClCompile Include="ch7_8.c">
      <Filter>Source Files\Ch7</Filter>
    </ClCompile>
    <ClCompile Include="ch7_9.c">
      <Filter>Source Files\Ch7</Filter>
    </ClCompile>
    <ClCompile Include="ch7_10.c">
      <Filter>Source Files\Ch7</Filter>
    </ClCompile>
    <ClCompile Include="ch7_11.c">
      <Filter>Source Files\Ch7</Filter>
    </ClCompile>
    <ClCompile Include="ch7_12.c">
      <Filter>Source Files\Ch7</Filter>
    </ClCompile>
    <ClCompile Include="ch7_13.c">
      <Filter>Source Files\Ch7</Filter>
    </ClCompile>
    <ClCompile Include="ch7_14.c">
      <Filter>Source Files\Ch7</Filter>
    </ClCompile>
    <ClCompile Include="ch8.c">
      <Filter>Source Files\Ch8</Filter>
    </ClCompile>
    <ClCompile Include="real_number_min_max.c">
      <Filter>Source Files\Ch8</Filter>
    </ClCompile>
    <ClCompile Include="ch8_6.c">
      <Filter>Source Files\Ch8</Filter>
    </ClCompile>
    <ClCompile Include="ch8_7.c">
      <Filter>Source Files\Ch8</Filter>
    </ClCompile>
    <ClCompile Include="ch8_8.c">
      <Filter>Source Files\Ch8</Filter>
    </ClCompile>
    <ClCompile Include="ch8_9.c">
      <Filter>Source Files\Ch8</Filter>
    </ClCompile>
    <ClCompile Include="ch8_10.c">
      <Filter>Source Files\Ch8</Filter>
    </ClCompile>
    <ClCompile Include="ch8_12.c">
      <Filter>Source Files\Ch8</Filter>
    </ClCompile>
    <ClCompile Include="ch8_11.c">
      <Filter>Source Files\Ch8</Filter>
    </ClCompile>
    <ClCompile Include="ch9.c">
      <Filter>Source Files\Ch9</Filter>
    </ClCompile>
    <ClCompile Include="ch9_5.c">
      <Filter>Source Files\Ch9</Filter>
    </ClCompile>
    <ClCompile Include="ch9_6.c">
      <Filter>Source Files\Ch9</Filter>
    </ClCompile>
    <ClCompile Include="ch9_7.c">
      <Filter>Source Files\Ch9</Filter>
    </ClCompile>
    <ClCompile Include="ch9_8.c">
      <Filter>Source Files\Ch9</Filter>
    </ClCompile>
  </ItemGroup>
</Project>